
Microsoft Visual Studio Solution File, Format Version 12.00
# Visual Studio Version 17
VisualStudioVersion = 17.4.32804.182
MinimumVisualStudioVersion = 10.0.40219.1
Project("{FAE04EC0-301F-11D3-BF4B-00C04F79EFBC}") = "MCTS_Game", "MCTS_Game\MCTS_Game.csproj", "{2F2AE738-C9C0-45AD-B61E-E46FEE6E4FA0}"
EndProject
Global
	GlobalSection(SolutionConfigurationPlatforms) = preSolution
		Debug|Any CPU = Debug|Any CPU
		Release|Any CPU = Release|Any CPU
	EndGlobalSection
	GlobalSection(ProjectConfigurationPlatforms) = postSolution
		{2F2AE738-C9C0-45AD-B61E-E46FEE6E4FA0}.Debug|Any CPU.ActiveCfg = Debug|Any CPU
		{2F2AE738-C9C0-45AD-B61E-E46FEE6E4FA0}.Debug|Any CPU.Build.0 = Debug|Any CPU
		{2F2AE738-C9C0-45AD-B61E-E46FEE6E4FA0}.Release|Any CPU.ActiveCfg = Release|Any CPU
		{2F2AE738-C9C0-45AD-B61E-E46FEE6E4FA0}.Release|Any CPU.Build.0 = Release|Any CPU
	EndGlobalSection
	GlobalSection(SolutionProperties) = preSolution
		HideSolutionNode = FALSE
	EndGlobalSection
	GlobalSection(ExtensibilityGlobals) = postSolution
		SolutionGuid = {D2802008-0ED7-4DC8-9E63-6D72B98BC96B}
	EndGlobalSection
EndGlobal
